
Microsoft Visual Studio Solution File, Format Version 12.00
# Visual Studio Version 16
VisualStudioVersion = 16.0.31410.357
MinimumVisualStudioVersion = 10.0.40219.1
Project("{FAE04EC0-301F-11D3-BF4B-00C04F79EFBC}") = "MotionBlurDisable", "MotionBlurDisable\MotionBlurDisable.csproj", "{813EE09C-5408-4382-B4B6-53427B40AC26}"
EndProject
Global
	GlobalSection(SolutionConfigurationPlatforms) = preSolution
		Debug|Any CPU = Debug|Any CPU
		Release|Any CPU = Release|Any CPU
	EndGlobalSection
	GlobalSection(ProjectConfigurationPlatforms) = postSolution
		{813EE09C-5408-4382-B4B6-53427B40AC26}.Debug|Any CPU.ActiveCfg = Debug|Any CPU
		{813EE09C-5408-4382-B4B6-53427B40AC26}.Debug|Any CPU.Build.0 = Debug|Any CPU
		{813EE09C-5408-4382-B4B6-53427B40AC26}.Release|Any CPU.ActiveCfg = Release|Any CPU
		{813EE09C-5408-4382-B4B6-53427B40AC26}.Release|Any CPU.Build.0 = Release|Any CPU
	EndGlobalSection
	GlobalSection(SolutionProperties) = preSolution
		HideSolutionNode = FALSE
	EndGlobalSection
	GlobalSection(ExtensibilityGlobals) = postSolution
		SolutionGuid = {C90438B1-D041-4EC3-BB57-B72C3532A807}
	EndGlobalSection
EndGlobal
